
Microsoft Visual Studio Solution File, Format Version 12.00
# Visual Studio Version 16
VisualStudioVersion = 16.0.29911.84
MinimumVisualStudioVersion = 10.0.40219.1
Project("{2150E333-8FDC-42A3-9474-1A3956D46DE8}") = "AvaloniaUI", "AvaloniaUI", "{6243D041-07B5-4EE9-ADBC-FBFFC7AADFE4}"
EndProject
Project("{2150E333-8FDC-42A3-9474-1A3956D46DE8}") = "WPF", "WPF", "{DCCA62A8-F946-42BF-BAD3-D1F7A24E1782}"
EndProject
Project("{2150E333-8FDC-42A3-9474-1A3956D46DE8}") = "Core", "Core", "{C3D0E957-E23E-4798-A43A-1A22A61C39D4}"
EndProject
Project("{9A19103F-16F7-4668-BE54-9A1E7A4F7556}") = "Explorer.WPF.UI", "WPF\Explorer.WPF.UI\Explorer.WPF.UI.csproj", "{4D8E6079-5905-419A-ACB1-D335F6458A03}"
EndProject
Project("{FAE04EC0-301F-11D3-BF4B-00C04F79EFBC}") = "Explorer.Avalonia.UI", "Explorer.Avalonia.UI\Explorer.Avalonia.UI.csproj", "{9A900BFA-02EB-43BE-9B68-6F479C7DDA7E}"
EndProject
Global
	GlobalSection(SolutionConfigurationPlatforms) = preSolution
		Debug|Any CPU = Debug|Any CPU
		Release|Any CPU = Release|Any CPU
	EndGlobalSection
	GlobalSection(ProjectConfigurationPlatforms) = postSolution
		{4D8E6079-5905-419A-ACB1-D335F6458A03}.Debug|Any CPU.ActiveCfg = Debug|Any CPU
		{4D8E6079-5905-419A-ACB1-D335F6458A03}.Debug|Any CPU.Build.0 = Debug|Any CPU
		{4D8E6079-5905-419A-ACB1-D335F6458A03}.Release|Any CPU.ActiveCfg = Release|Any CPU
		{4D8E6079-5905-419A-ACB1-D335F6458A03}.Release|Any CPU.Build.0 = Release|Any CPU
		{9A900BFA-02EB-43BE-9B68-6F479C7DDA7E}.Debug|Any CPU.ActiveCfg = Debug|Any CPU
		{9A900BFA-02EB-43BE-9B68-6F479C7DDA7E}.Debug|Any CPU.Build.0 = Debug|Any CPU
		{9A900BFA-02EB-43BE-9B68-6F479C7DDA7E}.Release|Any CPU.ActiveCfg = Release|Any CPU
		{9A900BFA-02EB-43BE-9B68-6F479C7DDA7E}.Release|Any CPU.Build.0 = Release|Any CPU
	EndGlobalSection
	GlobalSection(SolutionProperties) = preSolution
		HideSolutionNode = FALSE
	EndGlobalSection
	GlobalSection(NestedProjects) = preSolution
		{4D8E6079-5905-419A-ACB1-D335F6458A03} = {DCCA62A8-F946-42BF-BAD3-D1F7A24E1782}
		{9A900BFA-02EB-43BE-9B68-6F479C7DDA7E} = {6243D041-07B5-4EE9-ADBC-FBFFC7AADFE4}
	EndGlobalSection
	GlobalSection(ExtensibilityGlobals) = postSolution
		SolutionGuid = {71EC290B-AA88-4B06-A748-2ED6C4AB6C78}
	EndGlobalSection
EndGlobal
